
Microsoft Visual Studio Solution File, Format Version 12.00
# Visual Studio Version 17
VisualStudioVersion = 17.8.34330.188
MinimumVisualStudioVersion = 10.0.40219.1
Project("{888888A0-9F3D-457C-B088-3A5042F75D52}") = "faraday", "faraday.pyproj", "{8DFFBD16-8292-494F-BBD1-C813C1D894EE}"
EndProject
Global
	GlobalSection(SolutionConfigurationPlatforms) = preSolution
		Debug|Any CPU = Debug|Any CPU
		Release|Any CPU = Release|Any CPU
	EndGlobalSection
	GlobalSection(ProjectConfigurationPlatforms) = postSolution
		{8DFFBD16-8292-494F-BBD1-C813C1D894EE}.Debug|Any CPU.ActiveCfg = Debug|Any CPU
		{8DFFBD16-8292-494F-BBD1-C813C1D894EE}.Debug|Any CPU.Build.0 = Debug|Any CPU
		{8DFFBD16-8292-494F-BBD1-C813C1D894EE}.Release|Any CPU.ActiveCfg = Release|Any CPU
		{8DFFBD16-8292-494F-BBD1-C813C1D894EE}.Release|Any CPU.Build.0 = Release|Any CPU
	EndGlobalSection
	GlobalSection(SolutionProperties) = preSolution
		HideSolutionNode = FALSE
	EndGlobalSection
	GlobalSection(ExtensibilityGlobals) = postSolution
		SolutionGuid = {2DE3CFAB-AFCA-4128-80FD-45D28BBD7623}
	EndGlobalSection
EndGlobal
